
Microsoft Visual Studio Solution File, Format Version 12.00
# Visual Studio 2012
Project("{FAE04EC0-301F-11D3-BF4B-00C04F79EFBC}") = "U4P1", "U4P1\U4P1.csproj", "{3F086549-E853-42D7-8E71-B4BEE2D3EAEB}"
EndProject
Global
	GlobalSection(SolutionConfigurationPlatforms) = preSolution
		Debug|Any CPU = Debug|Any CPU
		Release|Any CPU = Release|Any CPU
	EndGlobalSection
	GlobalSection(ProjectConfigurationPlatforms) = postSolution
		{3F086549-E853-42D7-8E71-B4BEE2D3EAEB}.Debug|Any CPU.ActiveCfg = Debug|Any CPU
		{3F086549-E853-42D7-8E71-B4BEE2D3EAEB}.Debug|Any CPU.Build.0 = Debug|Any CPU
		{3F086549-E853-42D7-8E71-B4BEE2D3EAEB}.Release|Any CPU.ActiveCfg = Release|Any CPU
		{3F086549-E853-42D7-8E71-B4BEE2D3EAEB}.Release|Any CPU.Build.0 = Release|Any CPU
	EndGlobalSection
	GlobalSection(SolutionProperties) = preSolution
		HideSolutionNode = FALSE
	EndGlobalSection
EndGlobal
