
Microsoft Visual Studio Solution File, Format Version 12.00
# Visual Studio 2012
Project("{FAE04EC0-301F-11D3-BF4B-00C04F79EFBC}") = "U4P3", "U4P3\U4P3.csproj", "{BAF5FA4F-FD79-4205-ABF0-6403A1560BB9}"
EndProject
Global
	GlobalSection(SolutionConfigurationPlatforms) = preSolution
		Debug|Any CPU = Debug|Any CPU
		Release|Any CPU = Release|Any CPU
	EndGlobalSection
	GlobalSection(ProjectConfigurationPlatforms) = postSolution
		{BAF5FA4F-FD79-4205-ABF0-6403A1560BB9}.Debug|Any CPU.ActiveCfg = Debug|Any CPU
		{BAF5FA4F-FD79-4205-ABF0-6403A1560BB9}.Debug|Any CPU.Build.0 = Debug|Any CPU
		{BAF5FA4F-FD79-4205-ABF0-6403A1560BB9}.Release|Any CPU.ActiveCfg = Release|Any CPU
		{BAF5FA4F-FD79-4205-ABF0-6403A1560BB9}.Release|Any CPU.Build.0 = Release|Any CPU
	EndGlobalSection
	GlobalSection(SolutionProperties) = preSolution
		HideSolutionNode = FALSE
	EndGlobalSection
EndGlobal
