
Microsoft Visual Studio Solution File, Format Version 12.00
# Visual Studio 2012
Project("{FAE04EC0-301F-11D3-BF4B-00C04F79EFBC}") = "project6", "project6\project6.csproj", "{7D8B3330-01B0-4063-9E39-9D74A479A8FE}"
EndProject
Global
	GlobalSection(SolutionConfigurationPlatforms) = preSolution
		Debug|Any CPU = Debug|Any CPU
		Release|Any CPU = Release|Any CPU
	EndGlobalSection
	GlobalSection(ProjectConfigurationPlatforms) = postSolution
		{7D8B3330-01B0-4063-9E39-9D74A479A8FE}.Debug|Any CPU.ActiveCfg = Debug|Any CPU
		{7D8B3330-01B0-4063-9E39-9D74A479A8FE}.Debug|Any CPU.Build.0 = Debug|Any CPU
		{7D8B3330-01B0-4063-9E39-9D74A479A8FE}.Release|Any CPU.ActiveCfg = Release|Any CPU
		{7D8B3330-01B0-4063-9E39-9D74A479A8FE}.Release|Any CPU.Build.0 = Release|Any CPU
	EndGlobalSection
	GlobalSection(SolutionProperties) = preSolution
		HideSolutionNode = FALSE
	EndGlobalSection
EndGlobal
