
Microsoft Visual Studio Solution File, Format Version 12.00
# Visual Studio 2012
Project("{FAE04EC0-301F-11D3-BF4B-00C04F79EFBC}") = "U2P8", "U2P8\U2P8.csproj", "{07ABE296-F77D-4AD4-91D1-95AB99942D09}"
EndProject
Global
	GlobalSection(SolutionConfigurationPlatforms) = preSolution
		Debug|Any CPU = Debug|Any CPU
		Release|Any CPU = Release|Any CPU
	EndGlobalSection
	GlobalSection(ProjectConfigurationPlatforms) = postSolution
		{07ABE296-F77D-4AD4-91D1-95AB99942D09}.Debug|Any CPU.ActiveCfg = Debug|Any CPU
		{07ABE296-F77D-4AD4-91D1-95AB99942D09}.Debug|Any CPU.Build.0 = Debug|Any CPU
		{07ABE296-F77D-4AD4-91D1-95AB99942D09}.Release|Any CPU.ActiveCfg = Release|Any CPU
		{07ABE296-F77D-4AD4-91D1-95AB99942D09}.Release|Any CPU.Build.0 = Release|Any CPU
	EndGlobalSection
	GlobalSection(SolutionProperties) = preSolution
		HideSolutionNode = FALSE
	EndGlobalSection
EndGlobal
