
Microsoft Visual Studio Solution File, Format Version 12.00
# Visual Studio 2012
Project("{FAE04EC0-301F-11D3-BF4B-00C04F79EFBC}") = "project9", "project9\project9.csproj", "{9E0114A7-DB82-4F65-A492-D3C43FED7950}"
EndProject
Global
	GlobalSection(SolutionConfigurationPlatforms) = preSolution
		Debug|Any CPU = Debug|Any CPU
		Release|Any CPU = Release|Any CPU
	EndGlobalSection
	GlobalSection(ProjectConfigurationPlatforms) = postSolution
		{9E0114A7-DB82-4F65-A492-D3C43FED7950}.Debug|Any CPU.ActiveCfg = Debug|Any CPU
		{9E0114A7-DB82-4F65-A492-D3C43FED7950}.Debug|Any CPU.Build.0 = Debug|Any CPU
		{9E0114A7-DB82-4F65-A492-D3C43FED7950}.Release|Any CPU.ActiveCfg = Release|Any CPU
		{9E0114A7-DB82-4F65-A492-D3C43FED7950}.Release|Any CPU.Build.0 = Release|Any CPU
	EndGlobalSection
	GlobalSection(SolutionProperties) = preSolution
		HideSolutionNode = FALSE
	EndGlobalSection
EndGlobal
